
Microsoft Visual Studio Solution File, Format Version 12.00
# Visual Studio 15
VisualStudioVersion = 15.0.27703.2000
MinimumVisualStudioVersion = 10.0.40219.1
Project("{FAE04EC0-301F-11D3-BF4B-00C04F79EFBC}") = "Solid", "Solid.csproj", "{4A56813B-756A-4587-87A0-6004B601F621}"
EndProject
Global
	GlobalSection(SolutionConfigurationPlatforms) = preSolution
		Debug|Any CPU = Debug|Any CPU
		Release|Any CPU = Release|Any CPU
	EndGlobalSection
	GlobalSection(ProjectConfigurationPlatforms) = postSolution
		{4A56813B-756A-4587-87A0-6004B601F621}.Debug|Any CPU.ActiveCfg = Debug|Any CPU
		{4A56813B-756A-4587-87A0-6004B601F621}.Debug|Any CPU.Build.0 = Debug|Any CPU
		{4A56813B-756A-4587-87A0-6004B601F621}.Release|Any CPU.ActiveCfg = Release|Any CPU
		{4A56813B-756A-4587-87A0-6004B601F621}.Release|Any CPU.Build.0 = Release|Any CPU
	EndGlobalSection
	GlobalSection(SolutionProperties) = preSolution
		HideSolutionNode = FALSE
	EndGlobalSection
	GlobalSection(ExtensibilityGlobals) = postSolution
		SolutionGuid = {8D7F5099-8F3E-47B7-84EB-474E438ED630}
	EndGlobalSection
EndGlobal
